
Microsoft Visual Studio Solution File, Format Version 12.00
# Visual Studio Version 16
VisualStudioVersion = 25.0.1706.14
MinimumVisualStudioVersion = 10.0.40219.1
Project("{FAE04EC0-301F-11D3-BF4B-00C04F79EFBC}") = "Week2", "Week2\Week2.csproj", "{C32F743D-62DD-4E71-8021-A3FD61E39BBA}"
EndProject
Project("{FAE04EC0-301F-11D3-BF4B-00C04F79EFBC}") = "UserGenderValidation", "UserAgeValidation\UserGenderValidation.csproj", "{F2A6CF39-A2E5-49DA-8637-C5AB90C5D9FA}"
EndProject
Project("{FAE04EC0-301F-11D3-BF4B-00C04F79EFBC}") = "UserAgeValidation", "UserAgeValidation\UserAgeValidation.csproj", "{802988CB-A6FC-44AF-9CFE-6C4BDBCF71FE}"
EndProject
Global
	GlobalSection(SolutionConfigurationPlatforms) = preSolution
		Debug|Any CPU = Debug|Any CPU
		Release|Any CPU = Release|Any CPU
	EndGlobalSection
	GlobalSection(ProjectConfigurationPlatforms) = postSolution
		{C32F743D-62DD-4E71-8021-A3FD61E39BBA}.Debug|Any CPU.ActiveCfg = Debug|Any CPU
		{C32F743D-62DD-4E71-8021-A3FD61E39BBA}.Debug|Any CPU.Build.0 = Debug|Any CPU
		{C32F743D-62DD-4E71-8021-A3FD61E39BBA}.Release|Any CPU.ActiveCfg = Release|Any CPU
		{C32F743D-62DD-4E71-8021-A3FD61E39BBA}.Release|Any CPU.Build.0 = Release|Any CPU
		{F2A6CF39-A2E5-49DA-8637-C5AB90C5D9FA}.Debug|Any CPU.ActiveCfg = Debug|Any CPU
		{F2A6CF39-A2E5-49DA-8637-C5AB90C5D9FA}.Debug|Any CPU.Build.0 = Debug|Any CPU
		{F2A6CF39-A2E5-49DA-8637-C5AB90C5D9FA}.Release|Any CPU.ActiveCfg = Release|Any CPU
		{F2A6CF39-A2E5-49DA-8637-C5AB90C5D9FA}.Release|Any CPU.Build.0 = Release|Any CPU
		{802988CB-A6FC-44AF-9CFE-6C4BDBCF71FE}.Debug|Any CPU.ActiveCfg = Debug|Any CPU
		{802988CB-A6FC-44AF-9CFE-6C4BDBCF71FE}.Debug|Any CPU.Build.0 = Debug|Any CPU
		{802988CB-A6FC-44AF-9CFE-6C4BDBCF71FE}.Release|Any CPU.ActiveCfg = Release|Any CPU
		{802988CB-A6FC-44AF-9CFE-6C4BDBCF71FE}.Release|Any CPU.Build.0 = Release|Any CPU
	EndGlobalSection
	GlobalSection(SolutionProperties) = preSolution
		HideSolutionNode = FALSE
	EndGlobalSection
	GlobalSection(ExtensibilityGlobals) = postSolution
		SolutionGuid = {93485337-8104-4EAC-9535-85477533C7B2}
	EndGlobalSection
EndGlobal
